
Microsoft Visual Studio Solution File, Format Version 12.00
# Visual Studio Version 17
VisualStudioVersion = 17.0.31903.59
MinimumVisualStudioVersion = 10.0.40219.1
Project("{2150E333-8FDC-42A3-9474-1A3956D46DE8}") = "src", "src", "{62FDEFC8-CA35-452B-87AF-5399C1FDD232}"
	ProjectSection(SolutionItems) = preProject
		src\Directory.Build.props = src\Directory.Build.props
	EndProjectSection
EndProject
Project("{2150E333-8FDC-42A3-9474-1A3956D46DE8}") = "tests", "tests", "{B9BAC8A3-D4AA-4F7F-84CE-4746EC865CC2}"
EndProject
Project("{2150E333-8FDC-42A3-9474-1A3956D46DE8}") = "Functions", "Functions", "{51395382-E73F-4070-A65A-C2D5ADF9D5A8}"
	ProjectSection(SolutionItems) = preProject
		src\Functions\Directory.Build.props = src\Functions\Directory.Build.props
		src\Functions\Goa.props = src\Functions\Goa.props
	EndProjectSection
EndProject
Project("{2150E333-8FDC-42A3-9474-1A3956D46DE8}") = "Clients", "Clients", "{14163F55-30AB-44EF-899E-19790A93BB37}"
	ProjectSection(SolutionItems) = preProject
		src\Clients\Directory.Build.props = src\Clients\Directory.Build.props
	EndProjectSection
EndProject
Project("{FAE04EC0-301F-11D3-BF4B-00C04F79EFBC}") = "Goa.Functions.Core", "src\Functions\Goa.Functions.Core\Goa.Functions.Core.csproj", "{0D4BB144-07C4-4F45-8EE0-8627E1F33DF4}"
EndProject
Project("{FAE04EC0-301F-11D3-BF4B-00C04F79EFBC}") = "Goa.Functions.Sqs", "src\Functions\Goa.Functions.Sqs\Goa.Functions.Sqs.csproj", "{4E364005-D42A-41F1-9442-109FC97D1877}"
EndProject
Project("{FAE04EC0-301F-11D3-BF4B-00C04F79EFBC}") = "Goa.Functions.Dynamo", "src\Functions\Goa.Functions.Dynamo\Goa.Functions.Dynamo.csproj", "{8660E82B-56A0-4031-BC2F-97A23FCA3486}"
EndProject
Project("{FAE04EC0-301F-11D3-BF4B-00C04F79EFBC}") = "Goa.Functions.EventBridge", "src\Functions\Goa.Functions.EventBridge\Goa.Functions.EventBridge.csproj", "{7F15AA34-413A-47A5-8E64-CBBBDA863122}"
EndProject
Project("{FAE04EC0-301F-11D3-BF4B-00C04F79EFBC}") = "Goa.Functions.Kinesis", "src\Functions\Goa.Functions.Kinesis\Goa.Functions.Kinesis.csproj", "{34A6B4A1-EC6D-4724-A37B-9882CC1C8EAA}"
EndProject
Project("{FAE04EC0-301F-11D3-BF4B-00C04F79EFBC}") = "Goa.Clients.Sqs", "src\Clients\Goa.Clients.Sqs\Goa.Clients.Sqs.csproj", "{7C3BC7E9-B1CA-4F63-BA8E-9B565DB51650}"
EndProject
Project("{FAE04EC0-301F-11D3-BF4B-00C04F79EFBC}") = "Goa.Clients.Dynamo", "src\Clients\Goa.Clients.Dynamo\Goa.Clients.Dynamo.csproj", "{56EB19ED-929B-4560-9636-F58E39524772}"
EndProject
Project("{FAE04EC0-301F-11D3-BF4B-00C04F79EFBC}") = "Goa.Clients.Sns", "src\Clients\Goa.Clients.Sns\Goa.Clients.Sns.csproj", "{6C1865B0-0E95-475D-8D34-9223ACA4AC30}"
EndProject
Project("{FAE04EC0-301F-11D3-BF4B-00C04F79EFBC}") = "Goa.Clients.Kinesis", "src\Clients\Goa.Clients.Kinesis\Goa.Clients.Kinesis.csproj", "{0BCE5C2B-B52F-4ED1-8B19-1BB3DD5FC891}"
EndProject
Project("{FAE04EC0-301F-11D3-BF4B-00C04F79EFBC}") = "Goa.Clients.EventBridge", "src\Clients\Goa.Clients.EventBridge\Goa.Clients.EventBridge.csproj", "{62CA6763-0838-4F68-8543-43772DB6E67C}"
EndProject
Project("{FAE04EC0-301F-11D3-BF4B-00C04F79EFBC}") = "Goa.Clients.Lambda", "src\Clients\Goa.Clients.Lambda\Goa.Clients.Lambda.csproj", "{8931E579-B620-4515-B923-6BDA582B6B53}"
EndProject
Project("{FAE04EC0-301F-11D3-BF4B-00C04F79EFBC}") = "Goa.Clients.SecretsManager", "src\Clients\Goa.Clients.SecretsManager\Goa.Clients.SecretsManager.csproj", "{37494ADF-B42D-4698-A608-EE71413A35DA}"
EndProject
Project("{FAE04EC0-301F-11D3-BF4B-00C04F79EFBC}") = "Goa.Clients.ParameterStore", "src\Clients\Goa.Clients.ParameterStore\Goa.Clients.ParameterStore.csproj", "{A8CC4F73-4CB2-4928-BBE2-72AE3ACF37EE}"
EndProject
Project("{2150E333-8FDC-42A3-9474-1A3956D46DE8}") = ".sln", ".sln", "{64F3A82A-C1E7-4654-B683-38D5918A55D5}"
	ProjectSection(SolutionItems) = preProject
		Directory.Build.props = Directory.Build.props
		.gitignore = .gitignore
		LICENSE = LICENSE
		README.md = README.md
		.editorconfig = .editorconfig
	EndProjectSection
EndProject
Project("{2150E333-8FDC-42A3-9474-1A3956D46DE8}") = "docs", "docs", "{F1E2D3C4-5B6A-7F8E-9D0C-1B2A3F4E5D6C}"
	ProjectSection(SolutionItems) = preProject
		docs\CredentialProviders.md = docs\CredentialProviders.md
		docs\EnvironmentVairables.md = docs\EnvironmentVairables.md
		docs\SerializationContexts.md = docs\SerializationContexts.md
	EndProjectSection
EndProject
Project("{FAE04EC0-301F-11D3-BF4B-00C04F79EFBC}") = "Goa.Core", "src\Goa.Core\Goa.Core.csproj", "{34003827-D480-4E8F-AD46-E2FCB9B0DB9D}"
EndProject
Project("{FAE04EC0-301F-11D3-BF4B-00C04F79EFBC}") = "Goa.Functions.ApiGateway", "src\Functions\Goa.Functions.ApiGateway\Goa.Functions.ApiGateway.csproj", "{5D84768E-B450-4360-883B-BE1BF7C6743B}"
EndProject
Project("{FAE04EC0-301F-11D3-BF4B-00C04F79EFBC}") = "Goa.Functions.ApiGateway.Generator", "src\Functions\Goa.Functions.ApiGateway.Generator\Goa.Functions.ApiGateway.Generator.csproj", "{A0394A85-68F9-48E5-9C12-28013D1D665B}"
EndProject
Project("{FAE04EC0-301F-11D3-BF4B-00C04F79EFBC}") = "Goa.Clients.S3", "src\Clients\Goa.Clients.S3\Goa.Clients.S3.csproj", "{E452F418-35EC-461E-93BE-C11092917DDF}"
EndProject
Project("{FAE04EC0-301F-11D3-BF4B-00C04F79EFBC}") = "Goa.Clients.Ses", "src\Clients\Goa.Clients.Ses\Goa.Clients.Ses.csproj", "{A4620548-4503-49EE-B26A-5A0997FBC854}"
EndProject
Project("{FAE04EC0-301F-11D3-BF4B-00C04F79EFBC}") = "Goa.Clients.StepFunctions", "src\Clients\Goa.Clients.StepFunctions\Goa.Clients.StepFunctions.csproj", "{41718791-14AC-41AF-9681-032B8E264EBB}"
EndProject
Project("{FAE04EC0-301F-11D3-BF4B-00C04F79EFBC}") = "Goa.Functions.ApiGateway.Authorizer", "src\Functions\Goa.Functions.ApiGateway.Authorizer\Goa.Functions.ApiGateway.Authorizer.csproj", "{250B6DFF-0E70-49DD-BFBC-04CB99CB9280}"
EndProject
Project("{FAE04EC0-301F-11D3-BF4B-00C04F79EFBC}") = "Goa.Functions.S3", "src\Functions\Goa.Functions.S3\Goa.Functions.S3.csproj", "{DD9D3C27-CDEB-47F9-9A5B-C58EF110FC9F}"
EndProject
Project("{FAE04EC0-301F-11D3-BF4B-00C04F79EFBC}") = "Goa.Functions.Sns", "src\Functions\Goa.Functions.Sns\Goa.Functions.Sns.csproj", "{1C147B35-B523-4577-9095-23D64D49E92B}"
EndProject
Project("{FAE04EC0-301F-11D3-BF4B-00C04F79EFBC}") = "TestConsole", "tests\TestConsole\TestConsole.csproj", "{9FB758D9-85C2-4839-A0CD-CF5FB308A096}"
EndProject
Project("{2150E333-8FDC-42A3-9474-1A3956D46DE8}") = "Functions", "Functions", "{5DA3474E-67C5-4253-8532-B608DA565AB7}"
EndProject
Project("{FAE04EC0-301F-11D3-BF4B-00C04F79EFBC}") = "Goa.Functions.Core.Tests", "tests\Goa.Functions.Core.Tests\Goa.Functions.Core.Tests.csproj", "{AB79032E-63F3-47EA-81C6-8701C88DA820}"
EndProject
Project("{FAE04EC0-301F-11D3-BF4B-00C04F79EFBC}") = "Goa.Templates", "src\Goa.Templates\Goa.Templates.csproj", "{DD42E875-D055-45B4-9C89-3B093B05EE54}"
EndProject
Project("{2150E333-8FDC-42A3-9474-1A3956D46DE8}") = "examples", "examples", "{0A62E70D-0CD7-444A-A43A-D5AA00B3E9B6}"
	ProjectSection(SolutionItems) = preProject
		examples\serverless-compose.yml = examples\serverless-compose.yml
		examples\Directory.Build.props = examples\Directory.Build.props
		examples\Dockerfile = examples\Dockerfile
	EndProjectSection
EndProject
Project("{FAE04EC0-301F-11D3-BF4B-00C04F79EFBC}") = "SampleApi", "examples\SampleApi\SampleApi.csproj", "{841F03A5-66FC-421E-87E1-749995640B08}"
EndProject
Project("{FAE04EC0-301F-11D3-BF4B-00C04F79EFBC}") = "Goa.Functions.ApiGateway.AspNetCore", "src\Functions\Goa.Functions.ApiGateway.AspNetCore\Goa.Functions.ApiGateway.AspNetCore.csproj", "{1265CEFF-0D39-4FC5-9467-7DF589B7BD3D}"
EndProject
Project("{FAE04EC0-301F-11D3-BF4B-00C04F79EFBC}") = "Goa.Functions.ApiGateway.Core", "src\Functions\Goa.Functions.ApiGateway.Core\Goa.Functions.ApiGateway.Core.csproj", "{785C1291-0697-4236-8A35-41E1251A56AD}"
EndProject
Project("{FAE04EC0-301F-11D3-BF4B-00C04F79EFBC}") = "SampleApi.AspNetCore", "examples\SampleApi.AspNetCore\SampleApi.AspNetCore.csproj", "{15E409EA-17B8-484F-A4D1-9B97201A05F2}"
EndProject
Project("{FAE04EC0-301F-11D3-BF4B-00C04F79EFBC}") = "Goa.Clients.Core", "src\Clients\Goa.Clients.Core\Goa.Clients.Core.csproj", "{5A66664C-55B3-4360-AA14-503E7B80BD0F}"
EndProject
Project("{2150E333-8FDC-42A3-9474-1A3956D46DE8}") = "Clients", "Clients", "{B5DC1548-387B-4ABB-B4E8-CED73AFD8863}"
EndProject
Project("{FAE04EC0-301F-11D3-BF4B-00C04F79EFBC}") = "Goa.Clients.Dynamo.Tests", "tests\Clients\Goa.Clients.Dynamo.Tests\Goa.Clients.Dynamo.Tests.csproj", "{C8F1A2B3-4E5D-6F7A-8B9C-0D1E2F3A4B5C}"
EndProject
Project("{FAE04EC0-301F-11D3-BF4B-00C04F79EFBC}") = "Goa.Clients.EventBridge.Tests", "tests\Clients\Goa.Clients.EventBridge.Tests\Goa.Clients.EventBridge.Tests.csproj", "{6BF6A08A-2200-4757-A2D6-98FB02DAA6A5}"
EndProject
Project("{FAE04EC0-301F-11D3-BF4B-00C04F79EFBC}") = "Goa.Clients.Lambda.Tests", "tests\Clients\Goa.Clients.Lambda.Tests\Goa.Clients.Lambda.Tests.csproj", "{78BEF6C9-0074-44F5-8B1C-AA9B2C8A38AC}"
EndProject
Project("{FAE04EC0-301F-11D3-BF4B-00C04F79EFBC}") = "Goa.Clients.Sns.Tests", "tests\Clients\Goa.Clients.Sns.Tests\Goa.Clients.Sns.Tests.csproj", "{A3AD36B1-8EC6-46FF-813C-5C6A4B174CEE}"
EndProject
Project("{FAE04EC0-301F-11D3-BF4B-00C04F79EFBC}") = "Goa.Clients.Sqs.Tests", "tests\Clients\Goa.Clients.Sqs.Tests\Goa.Clients.Sqs.Tests.csproj", "{11CE79CF-715A-4890-9FDD-66144A44FB34}"
EndProject
Global
	GlobalSection(SolutionConfigurationPlatforms) = preSolution
		Debug|Any CPU = Debug|Any CPU
		Release|Any CPU = Release|Any CPU
	EndGlobalSection
	GlobalSection(SolutionProperties) = preSolution
		HideSolutionNode = FALSE
	EndGlobalSection
	GlobalSection(NestedProjects) = preSolution
		{51395382-E73F-4070-A65A-C2D5ADF9D5A8} = {62FDEFC8-CA35-452B-87AF-5399C1FDD232}
		{14163F55-30AB-44EF-899E-19790A93BB37} = {62FDEFC8-CA35-452B-87AF-5399C1FDD232}
		{0D4BB144-07C4-4F45-8EE0-8627E1F33DF4} = {51395382-E73F-4070-A65A-C2D5ADF9D5A8}
		{4E364005-D42A-41F1-9442-109FC97D1877} = {51395382-E73F-4070-A65A-C2D5ADF9D5A8}
		{8660E82B-56A0-4031-BC2F-97A23FCA3486} = {51395382-E73F-4070-A65A-C2D5ADF9D5A8}
		{7F15AA34-413A-47A5-8E64-CBBBDA863122} = {51395382-E73F-4070-A65A-C2D5ADF9D5A8}
		{34A6B4A1-EC6D-4724-A37B-9882CC1C8EAA} = {51395382-E73F-4070-A65A-C2D5ADF9D5A8}
		{7C3BC7E9-B1CA-4F63-BA8E-9B565DB51650} = {14163F55-30AB-44EF-899E-19790A93BB37}
		{56EB19ED-929B-4560-9636-F58E39524772} = {14163F55-30AB-44EF-899E-19790A93BB37}
		{6C1865B0-0E95-475D-8D34-9223ACA4AC30} = {14163F55-30AB-44EF-899E-19790A93BB37}
		{0BCE5C2B-B52F-4ED1-8B19-1BB3DD5FC891} = {14163F55-30AB-44EF-899E-19790A93BB37}
		{62CA6763-0838-4F68-8543-43772DB6E67C} = {14163F55-30AB-44EF-899E-19790A93BB37}
		{8931E579-B620-4515-B923-6BDA582B6B53} = {14163F55-30AB-44EF-899E-19790A93BB37}
		{37494ADF-B42D-4698-A608-EE71413A35DA} = {14163F55-30AB-44EF-899E-19790A93BB37}
		{A8CC4F73-4CB2-4928-BBE2-72AE3ACF37EE} = {14163F55-30AB-44EF-899E-19790A93BB37}
		{34003827-D480-4E8F-AD46-E2FCB9B0DB9D} = {62FDEFC8-CA35-452B-87AF-5399C1FDD232}
		{5D84768E-B450-4360-883B-BE1BF7C6743B} = {51395382-E73F-4070-A65A-C2D5ADF9D5A8}
		{A0394A85-68F9-48E5-9C12-28013D1D665B} = {51395382-E73F-4070-A65A-C2D5ADF9D5A8}
		{E452F418-35EC-461E-93BE-C11092917DDF} = {14163F55-30AB-44EF-899E-19790A93BB37}
		{A4620548-4503-49EE-B26A-5A0997FBC854} = {14163F55-30AB-44EF-899E-19790A93BB37}
		{41718791-14AC-41AF-9681-032B8E264EBB} = {14163F55-30AB-44EF-899E-19790A93BB37}
		{250B6DFF-0E70-49DD-BFBC-04CB99CB9280} = {51395382-E73F-4070-A65A-C2D5ADF9D5A8}
		{DD9D3C27-CDEB-47F9-9A5B-C58EF110FC9F} = {51395382-E73F-4070-A65A-C2D5ADF9D5A8}
		{1C147B35-B523-4577-9095-23D64D49E92B} = {51395382-E73F-4070-A65A-C2D5ADF9D5A8}
		{9FB758D9-85C2-4839-A0CD-CF5FB308A096} = {B9BAC8A3-D4AA-4F7F-84CE-4746EC865CC2}
		{5DA3474E-67C5-4253-8532-B608DA565AB7} = {B9BAC8A3-D4AA-4F7F-84CE-4746EC865CC2}
		{AB79032E-63F3-47EA-81C6-8701C88DA820} = {5DA3474E-67C5-4253-8532-B608DA565AB7}
		{DD42E875-D055-45B4-9C89-3B093B05EE54} = {62FDEFC8-CA35-452B-87AF-5399C1FDD232}
		{841F03A5-66FC-421E-87E1-749995640B08} = {0A62E70D-0CD7-444A-A43A-D5AA00B3E9B6}
		{1265CEFF-0D39-4FC5-9467-7DF589B7BD3D} = {51395382-E73F-4070-A65A-C2D5ADF9D5A8}
		{785C1291-0697-4236-8A35-41E1251A56AD} = {51395382-E73F-4070-A65A-C2D5ADF9D5A8}
		{15E409EA-17B8-484F-A4D1-9B97201A05F2} = {0A62E70D-0CD7-444A-A43A-D5AA00B3E9B6}
		{5A66664C-55B3-4360-AA14-503E7B80BD0F} = {14163F55-30AB-44EF-899E-19790A93BB37}
		{B5DC1548-387B-4ABB-B4E8-CED73AFD8863} = {B9BAC8A3-D4AA-4F7F-84CE-4746EC865CC2}
		{C8F1A2B3-4E5D-6F7A-8B9C-0D1E2F3A4B5C} = {B5DC1548-387B-4ABB-B4E8-CED73AFD8863}
		{6BF6A08A-2200-4757-A2D6-98FB02DAA6A5} = {B5DC1548-387B-4ABB-B4E8-CED73AFD8863}
		{78BEF6C9-0074-44F5-8B1C-AA9B2C8A38AC} = {B5DC1548-387B-4ABB-B4E8-CED73AFD8863}
		{A3AD36B1-8EC6-46FF-813C-5C6A4B174CEE} = {B5DC1548-387B-4ABB-B4E8-CED73AFD8863}
		{11CE79CF-715A-4890-9FDD-66144A44FB34} = {B5DC1548-387B-4ABB-B4E8-CED73AFD8863}
	EndGlobalSection
	GlobalSection(ProjectConfigurationPlatforms) = postSolution
		{0D4BB144-07C4-4F45-8EE0-8627E1F33DF4}.Debug|Any CPU.ActiveCfg = Debug|Any CPU
		{0D4BB144-07C4-4F45-8EE0-8627E1F33DF4}.Debug|Any CPU.Build.0 = Debug|Any CPU
		{0D4BB144-07C4-4F45-8EE0-8627E1F33DF4}.Release|Any CPU.ActiveCfg = Release|Any CPU
		{0D4BB144-07C4-4F45-8EE0-8627E1F33DF4}.Release|Any CPU.Build.0 = Release|Any CPU
		{4E364005-D42A-41F1-9442-109FC97D1877}.Debug|Any CPU.ActiveCfg = Debug|Any CPU
		{4E364005-D42A-41F1-9442-109FC97D1877}.Debug|Any CPU.Build.0 = Debug|Any CPU
		{4E364005-D42A-41F1-9442-109FC97D1877}.Release|Any CPU.ActiveCfg = Release|Any CPU
		{4E364005-D42A-41F1-9442-109FC97D1877}.Release|Any CPU.Build.0 = Release|Any CPU
		{8660E82B-56A0-4031-BC2F-97A23FCA3486}.Debug|Any CPU.ActiveCfg = Debug|Any CPU
		{8660E82B-56A0-4031-BC2F-97A23FCA3486}.Debug|Any CPU.Build.0 = Debug|Any CPU
		{8660E82B-56A0-4031-BC2F-97A23FCA3486}.Release|Any CPU.ActiveCfg = Release|Any CPU
		{8660E82B-56A0-4031-BC2F-97A23FCA3486}.Release|Any CPU.Build.0 = Release|Any CPU
		{7F15AA34-413A-47A5-8E64-CBBBDA863122}.Debug|Any CPU.ActiveCfg = Debug|Any CPU
		{7F15AA34-413A-47A5-8E64-CBBBDA863122}.Debug|Any CPU.Build.0 = Debug|Any CPU
		{7F15AA34-413A-47A5-8E64-CBBBDA863122}.Release|Any CPU.ActiveCfg = Release|Any CPU
		{7F15AA34-413A-47A5-8E64-CBBBDA863122}.Release|Any CPU.Build.0 = Release|Any CPU
		{34A6B4A1-EC6D-4724-A37B-9882CC1C8EAA}.Debug|Any CPU.ActiveCfg = Debug|Any CPU
		{34A6B4A1-EC6D-4724-A37B-9882CC1C8EAA}.Debug|Any CPU.Build.0 = Debug|Any CPU
		{34A6B4A1-EC6D-4724-A37B-9882CC1C8EAA}.Release|Any CPU.ActiveCfg = Release|Any CPU
		{34A6B4A1-EC6D-4724-A37B-9882CC1C8EAA}.Release|Any CPU.Build.0 = Release|Any CPU
		{7C3BC7E9-B1CA-4F63-BA8E-9B565DB51650}.Debug|Any CPU.ActiveCfg = Debug|Any CPU
		{7C3BC7E9-B1CA-4F63-BA8E-9B565DB51650}.Debug|Any CPU.Build.0 = Debug|Any CPU
		{7C3BC7E9-B1CA-4F63-BA8E-9B565DB51650}.Release|Any CPU.ActiveCfg = Release|Any CPU
		{7C3BC7E9-B1CA-4F63-BA8E-9B565DB51650}.Release|Any CPU.Build.0 = Release|Any CPU
		{56EB19ED-929B-4560-9636-F58E39524772}.Debug|Any CPU.ActiveCfg = Debug|Any CPU
		{56EB19ED-929B-4560-9636-F58E39524772}.Debug|Any CPU.Build.0 = Debug|Any CPU
		{56EB19ED-929B-4560-9636-F58E39524772}.Release|Any CPU.ActiveCfg = Release|Any CPU
		{56EB19ED-929B-4560-9636-F58E39524772}.Release|Any CPU.Build.0 = Release|Any CPU
		{6C1865B0-0E95-475D-8D34-9223ACA4AC30}.Debug|Any CPU.ActiveCfg = Debug|Any CPU
		{6C1865B0-0E95-475D-8D34-9223ACA4AC30}.Debug|Any CPU.Build.0 = Debug|Any CPU
		{6C1865B0-0E95-475D-8D34-9223ACA4AC30}.Release|Any CPU.ActiveCfg = Release|Any CPU
		{6C1865B0-0E95-475D-8D34-9223ACA4AC30}.Release|Any CPU.Build.0 = Release|Any CPU
		{0BCE5C2B-B52F-4ED1-8B19-1BB3DD5FC891}.Debug|Any CPU.ActiveCfg = Debug|Any CPU
		{0BCE5C2B-B52F-4ED1-8B19-1BB3DD5FC891}.Debug|Any CPU.Build.0 = Debug|Any CPU
		{0BCE5C2B-B52F-4ED1-8B19-1BB3DD5FC891}.Release|Any CPU.ActiveCfg = Release|Any CPU
		{0BCE5C2B-B52F-4ED1-8B19-1BB3DD5FC891}.Release|Any CPU.Build.0 = Release|Any CPU
		{62CA6763-0838-4F68-8543-43772DB6E67C}.Debug|Any CPU.ActiveCfg = Debug|Any CPU
		{62CA6763-0838-4F68-8543-43772DB6E67C}.Debug|Any CPU.Build.0 = Debug|Any CPU
		{62CA6763-0838-4F68-8543-43772DB6E67C}.Release|Any CPU.ActiveCfg = Release|Any CPU
		{62CA6763-0838-4F68-8543-43772DB6E67C}.Release|Any CPU.Build.0 = Release|Any CPU
		{8931E579-B620-4515-B923-6BDA582B6B53}.Debug|Any CPU.ActiveCfg = Debug|Any CPU
		{8931E579-B620-4515-B923-6BDA582B6B53}.Debug|Any CPU.Build.0 = Debug|Any CPU
		{8931E579-B620-4515-B923-6BDA582B6B53}.Release|Any CPU.ActiveCfg = Release|Any CPU
		{8931E579-B620-4515-B923-6BDA582B6B53}.Release|Any CPU.Build.0 = Release|Any CPU
		{37494ADF-B42D-4698-A608-EE71413A35DA}.Debug|Any CPU.ActiveCfg = Debug|Any CPU
		{37494ADF-B42D-4698-A608-EE71413A35DA}.Debug|Any CPU.Build.0 = Debug|Any CPU
		{37494ADF-B42D-4698-A608-EE71413A35DA}.Release|Any CPU.ActiveCfg = Release|Any CPU
		{37494ADF-B42D-4698-A608-EE71413A35DA}.Release|Any CPU.Build.0 = Release|Any CPU
		{A8CC4F73-4CB2-4928-BBE2-72AE3ACF37EE}.Debug|Any CPU.ActiveCfg = Debug|Any CPU
		{A8CC4F73-4CB2-4928-BBE2-72AE3ACF37EE}.Debug|Any CPU.Build.0 = Debug|Any CPU
		{A8CC4F73-4CB2-4928-BBE2-72AE3ACF37EE}.Release|Any CPU.ActiveCfg = Release|Any CPU
		{A8CC4F73-4CB2-4928-BBE2-72AE3ACF37EE}.Release|Any CPU.Build.0 = Release|Any CPU
		{34003827-D480-4E8F-AD46-E2FCB9B0DB9D}.Debug|Any CPU.ActiveCfg = Debug|Any CPU
		{34003827-D480-4E8F-AD46-E2FCB9B0DB9D}.Debug|Any CPU.Build.0 = Debug|Any CPU
		{34003827-D480-4E8F-AD46-E2FCB9B0DB9D}.Release|Any CPU.ActiveCfg = Release|Any CPU
		{34003827-D480-4E8F-AD46-E2FCB9B0DB9D}.Release|Any CPU.Build.0 = Release|Any CPU
		{5D84768E-B450-4360-883B-BE1BF7C6743B}.Debug|Any CPU.ActiveCfg = Debug|Any CPU
		{5D84768E-B450-4360-883B-BE1BF7C6743B}.Debug|Any CPU.Build.0 = Debug|Any CPU
		{5D84768E-B450-4360-883B-BE1BF7C6743B}.Release|Any CPU.ActiveCfg = Release|Any CPU
		{5D84768E-B450-4360-883B-BE1BF7C6743B}.Release|Any CPU.Build.0 = Release|Any CPU
		{A0394A85-68F9-48E5-9C12-28013D1D665B}.Debug|Any CPU.ActiveCfg = Debug|Any CPU
		{A0394A85-68F9-48E5-9C12-28013D1D665B}.Debug|Any CPU.Build.0 = Debug|Any CPU
		{A0394A85-68F9-48E5-9C12-28013D1D665B}.Release|Any CPU.ActiveCfg = Release|Any CPU
		{A0394A85-68F9-48E5-9C12-28013D1D665B}.Release|Any CPU.Build.0 = Release|Any CPU
		{E452F418-35EC-461E-93BE-C11092917DDF}.Debug|Any CPU.ActiveCfg = Debug|Any CPU
		{E452F418-35EC-461E-93BE-C11092917DDF}.Debug|Any CPU.Build.0 = Debug|Any CPU
		{E452F418-35EC-461E-93BE-C11092917DDF}.Release|Any CPU.ActiveCfg = Release|Any CPU
		{E452F418-35EC-461E-93BE-C11092917DDF}.Release|Any CPU.Build.0 = Release|Any CPU
		{A4620548-4503-49EE-B26A-5A0997FBC854}.Debug|Any CPU.ActiveCfg = Debug|Any CPU
		{A4620548-4503-49EE-B26A-5A0997FBC854}.Debug|Any CPU.Build.0 = Debug|Any CPU
		{A4620548-4503-49EE-B26A-5A0997FBC854}.Release|Any CPU.ActiveCfg = Release|Any CPU
		{A4620548-4503-49EE-B26A-5A0997FBC854}.Release|Any CPU.Build.0 = Release|Any CPU
		{41718791-14AC-41AF-9681-032B8E264EBB}.Debug|Any CPU.ActiveCfg = Debug|Any CPU
		{41718791-14AC-41AF-9681-032B8E264EBB}.Debug|Any CPU.Build.0 = Debug|Any CPU
		{41718791-14AC-41AF-9681-032B8E264EBB}.Release|Any CPU.ActiveCfg = Release|Any CPU
		{41718791-14AC-41AF-9681-032B8E264EBB}.Release|Any CPU.Build.0 = Release|Any CPU
		{250B6DFF-0E70-49DD-BFBC-04CB99CB9280}.Debug|Any CPU.ActiveCfg = Debug|Any CPU
		{250B6DFF-0E70-49DD-BFBC-04CB99CB9280}.Debug|Any CPU.Build.0 = Debug|Any CPU
		{250B6DFF-0E70-49DD-BFBC-04CB99CB9280}.Release|Any CPU.ActiveCfg = Release|Any CPU
		{250B6DFF-0E70-49DD-BFBC-04CB99CB9280}.Release|Any CPU.Build.0 = Release|Any CPU
		{DD9D3C27-CDEB-47F9-9A5B-C58EF110FC9F}.Debug|Any CPU.ActiveCfg = Debug|Any CPU
		{DD9D3C27-CDEB-47F9-9A5B-C58EF110FC9F}.Debug|Any CPU.Build.0 = Debug|Any CPU
		{DD9D3C27-CDEB-47F9-9A5B-C58EF110FC9F}.Release|Any CPU.ActiveCfg = Release|Any CPU
		{DD9D3C27-CDEB-47F9-9A5B-C58EF110FC9F}.Release|Any CPU.Build.0 = Release|Any CPU
		{1C147B35-B523-4577-9095-23D64D49E92B}.Debug|Any CPU.ActiveCfg = Debug|Any CPU
		{1C147B35-B523-4577-9095-23D64D49E92B}.Debug|Any CPU.Build.0 = Debug|Any CPU
		{1C147B35-B523-4577-9095-23D64D49E92B}.Release|Any CPU.ActiveCfg = Release|Any CPU
		{1C147B35-B523-4577-9095-23D64D49E92B}.Release|Any CPU.Build.0 = Release|Any CPU
		{9FB758D9-85C2-4839-A0CD-CF5FB308A096}.Debug|Any CPU.ActiveCfg = Debug|Any CPU
		{9FB758D9-85C2-4839-A0CD-CF5FB308A096}.Debug|Any CPU.Build.0 = Debug|Any CPU
		{9FB758D9-85C2-4839-A0CD-CF5FB308A096}.Release|Any CPU.ActiveCfg = Release|Any CPU
		{9FB758D9-85C2-4839-A0CD-CF5FB308A096}.Release|Any CPU.Build.0 = Release|Any CPU
		{AB79032E-63F3-47EA-81C6-8701C88DA820}.Debug|Any CPU.ActiveCfg = Debug|Any CPU
		{AB79032E-63F3-47EA-81C6-8701C88DA820}.Debug|Any CPU.Build.0 = Debug|Any CPU
		{AB79032E-63F3-47EA-81C6-8701C88DA820}.Release|Any CPU.ActiveCfg = Release|Any CPU
		{AB79032E-63F3-47EA-81C6-8701C88DA820}.Release|Any CPU.Build.0 = Release|Any CPU
		{DD42E875-D055-45B4-9C89-3B093B05EE54}.Debug|Any CPU.ActiveCfg = Debug|Any CPU
		{DD42E875-D055-45B4-9C89-3B093B05EE54}.Debug|Any CPU.Build.0 = Debug|Any CPU
		{DD42E875-D055-45B4-9C89-3B093B05EE54}.Release|Any CPU.ActiveCfg = Release|Any CPU
		{DD42E875-D055-45B4-9C89-3B093B05EE54}.Release|Any CPU.Build.0 = Release|Any CPU
		{841F03A5-66FC-421E-87E1-749995640B08}.Debug|Any CPU.ActiveCfg = Debug|Any CPU
		{841F03A5-66FC-421E-87E1-749995640B08}.Debug|Any CPU.Build.0 = Debug|Any CPU
		{841F03A5-66FC-421E-87E1-749995640B08}.Release|Any CPU.ActiveCfg = Release|Any CPU
		{841F03A5-66FC-421E-87E1-749995640B08}.Release|Any CPU.Build.0 = Release|Any CPU
		{1265CEFF-0D39-4FC5-9467-7DF589B7BD3D}.Debug|Any CPU.ActiveCfg = Debug|Any CPU
		{1265CEFF-0D39-4FC5-9467-7DF589B7BD3D}.Debug|Any CPU.Build.0 = Debug|Any CPU
		{1265CEFF-0D39-4FC5-9467-7DF589B7BD3D}.Release|Any CPU.ActiveCfg = Release|Any CPU
		{1265CEFF-0D39-4FC5-9467-7DF589B7BD3D}.Release|Any CPU.Build.0 = Release|Any CPU
		{785C1291-0697-4236-8A35-41E1251A56AD}.Debug|Any CPU.ActiveCfg = Debug|Any CPU
		{785C1291-0697-4236-8A35-41E1251A56AD}.Debug|Any CPU.Build.0 = Debug|Any CPU
		{785C1291-0697-4236-8A35-41E1251A56AD}.Release|Any CPU.ActiveCfg = Release|Any CPU
		{785C1291-0697-4236-8A35-41E1251A56AD}.Release|Any CPU.Build.0 = Release|Any CPU
		{15E409EA-17B8-484F-A4D1-9B97201A05F2}.Debug|Any CPU.ActiveCfg = Debug|Any CPU
		{15E409EA-17B8-484F-A4D1-9B97201A05F2}.Debug|Any CPU.Build.0 = Debug|Any CPU
		{15E409EA-17B8-484F-A4D1-9B97201A05F2}.Release|Any CPU.ActiveCfg = Release|Any CPU
		{15E409EA-17B8-484F-A4D1-9B97201A05F2}.Release|Any CPU.Build.0 = Release|Any CPU
		{5A66664C-55B3-4360-AA14-503E7B80BD0F}.Debug|Any CPU.ActiveCfg = Debug|Any CPU
		{5A66664C-55B3-4360-AA14-503E7B80BD0F}.Debug|Any CPU.Build.0 = Debug|Any CPU
		{5A66664C-55B3-4360-AA14-503E7B80BD0F}.Release|Any CPU.ActiveCfg = Release|Any CPU
		{5A66664C-55B3-4360-AA14-503E7B80BD0F}.Release|Any CPU.Build.0 = Release|Any CPU
		{C8F1A2B3-4E5D-6F7A-8B9C-0D1E2F3A4B5C}.Debug|Any CPU.ActiveCfg = Debug|Any CPU
		{C8F1A2B3-4E5D-6F7A-8B9C-0D1E2F3A4B5C}.Debug|Any CPU.Build.0 = Debug|Any CPU
		{C8F1A2B3-4E5D-6F7A-8B9C-0D1E2F3A4B5C}.Release|Any CPU.ActiveCfg = Release|Any CPU
		{C8F1A2B3-4E5D-6F7A-8B9C-0D1E2F3A4B5C}.Release|Any CPU.Build.0 = Release|Any CPU
		{6BF6A08A-2200-4757-A2D6-98FB02DAA6A5}.Debug|Any CPU.ActiveCfg = Debug|Any CPU
		{6BF6A08A-2200-4757-A2D6-98FB02DAA6A5}.Debug|Any CPU.Build.0 = Debug|Any CPU
		{6BF6A08A-2200-4757-A2D6-98FB02DAA6A5}.Release|Any CPU.ActiveCfg = Release|Any CPU
		{6BF6A08A-2200-4757-A2D6-98FB02DAA6A5}.Release|Any CPU.Build.0 = Release|Any CPU
		{78BEF6C9-0074-44F5-8B1C-AA9B2C8A38AC}.Debug|Any CPU.ActiveCfg = Debug|Any CPU
		{78BEF6C9-0074-44F5-8B1C-AA9B2C8A38AC}.Debug|Any CPU.Build.0 = Debug|Any CPU
		{78BEF6C9-0074-44F5-8B1C-AA9B2C8A38AC}.Release|Any CPU.ActiveCfg = Release|Any CPU
		{78BEF6C9-0074-44F5-8B1C-AA9B2C8A38AC}.Release|Any CPU.Build.0 = Release|Any CPU
		{A3AD36B1-8EC6-46FF-813C-5C6A4B174CEE}.Debug|Any CPU.ActiveCfg = Debug|Any CPU
		{A3AD36B1-8EC6-46FF-813C-5C6A4B174CEE}.Debug|Any CPU.Build.0 = Debug|Any CPU
		{A3AD36B1-8EC6-46FF-813C-5C6A4B174CEE}.Release|Any CPU.ActiveCfg = Release|Any CPU
		{A3AD36B1-8EC6-46FF-813C-5C6A4B174CEE}.Release|Any CPU.Build.0 = Release|Any CPU
		{11CE79CF-715A-4890-9FDD-66144A44FB34}.Debug|Any CPU.ActiveCfg = Debug|Any CPU
		{11CE79CF-715A-4890-9FDD-66144A44FB34}.Debug|Any CPU.Build.0 = Debug|Any CPU
		{11CE79CF-715A-4890-9FDD-66144A44FB34}.Release|Any CPU.ActiveCfg = Release|Any CPU
		{11CE79CF-715A-4890-9FDD-66144A44FB34}.Release|Any CPU.Build.0 = Release|Any CPU
	EndGlobalSection
EndGlobal
